dependencies:
- name: prometheus
  repository: https://prometheus-community.github.io/helm-charts
  version: 25.17.0
- name: jaeger
  repository: https://jaegertracing.github.io/helm-charts
  version: 2.0.0
digest: sha256:350282c3114464a73c0ded6e66072f7530e4bce8298d90cb73dd19119fc9a123
generated: "2024-03-14T10:53:42.342035905Z"
