dependencies:
- name: prometheus
  repository: https://prometheus-community.github.io/helm-charts
  version: 25.17.0
- name: jaeger
  repository: https://jaegertracing.github.io/helm-charts
  version: 2.0.0
- name: opentelemetry-collector
  repository: https://open-telemetry.github.io/opentelemetry-helm-charts
  version: 0.83.0
- name: router
  repository: oci://ghcr.io/apollographql/helm-charts
  version: 1.41.1
- name: oauth2-proxy
  repository: https://oauth2-proxy.github.io/manifests/
  version: 7.1.0
digest: sha256:ab374291d2ad3997dc3e7884d271275790a89d3b2d0134d00f85ab6616d5c227
generated: "2024-03-20T15:29:50.645850803Z"
