dependencies:
- name: prometheus
  repository: https://prometheus-community.github.io/helm-charts
  version: 25.17.0
- name: jaeger
  repository: https://jaegertracing.github.io/helm-charts
  version: 2.0.0
- name: opentelemetry-collector
  repository: https://open-telemetry.github.io/opentelemetry-helm-charts
  version: 0.83.0
- name: router
  repository: oci://ghcr.io/apollographql/helm-charts
  version: 1.41.1
digest: sha256:c33267c54daddb2c5ce7934886e0c734a1c2a04eb1c4360e8be0aacc191120c6
generated: "2024-03-14T15:16:23.516231741Z"
