dependencies:
- name: prometheus
  repository: https://prometheus-community.github.io/helm-charts
  version: 25.22.0
- name: jaeger
  repository: https://jaegertracing.github.io/helm-charts
  version: 2.0.0
- name: opentelemetry-collector
  repository: https://open-telemetry.github.io/opentelemetry-helm-charts
  version: 0.83.0
digest: sha256:8291a4d9dd1e820d3bcc4ecda21390438dcc00ef343ac8a686b00c8568e50279
generated: "2024-06-28T10:08:43.768519155+01:00"
