dependencies:
- name: prometheus
  repository: https://prometheus-community.github.io/helm-charts
  version: 25.22.0
- name: jaeger
  repository: https://jaegertracing.github.io/helm-charts
  version: 3.1.0
- name: opentelemetry-collector
  repository: https://open-telemetry.github.io/opentelemetry-helm-charts
  version: 0.96.0
digest: sha256:773ee85913a395c50e5f47814cb4d0d034ecda87fe85ac806cd5b94ffcf43bb1
generated: "2024-06-28T10:18:56.308565441+01:00"
