dependencies:
- name: router
  repository: oci://ghcr.io/apollographql/helm-charts
  version: 1.49.1
- name: oauth2-proxy
  repository: https://oauth2-proxy.github.io/manifests/
  version: 7.7.20
digest: sha256:ef7f61dafc582dce2da679f472c73741081ee522fb61985c8140a017940260e4
generated: "2024-09-17T15:36:46.159887781+01:00"
