dependencies:
- name: router
  repository: oci://ghcr.io/apollographql/helm-charts
  version: 1.49.1
- name: oauth2-proxy
  repository: https://oauth2-proxy.github.io/manifests/
  version: 7.7.8
digest: sha256:7a8b2bdf88c9eda93f487ae9836cef22f7bb22d51328c30c73bce6ef042304ac
generated: "2024-06-28T10:06:27.558488869+01:00"
